
Microsoft Visual Studio Solution File, Format Version 12.00
# Visual Studio 15
VisualStudioVersion = 15.0.28307.421
MinimumVisualStudioVersion = 10.0.40219.1
Project("{FAE04EC0-301F-11D3-BF4B-00C04F79EFBC}") = "ServerCodeMtk-P2-20180140093", "ServerCodeMtk-P2-20180140093\ServerCodeMtk-P2-20180140093.csproj", "{ABEFCC4B-D724-47EE-A440-52488A0B7379}"
EndProject
Global
	GlobalSection(SolutionConfigurationPlatforms) = preSolution
		Debug|Any CPU = Debug|Any CPU
		Release|Any CPU = Release|Any CPU
	EndGlobalSection
	GlobalSection(ProjectConfigurationPlatforms) = postSolution
		{ABEFCC4B-D724-47EE-A440-52488A0B7379}.Debug|Any CPU.ActiveCfg = Debug|Any CPU
		{ABEFCC4B-D724-47EE-A440-52488A0B7379}.Debug|Any CPU.Build.0 = Debug|Any CPU
		{ABEFCC4B-D724-47EE-A440-52488A0B7379}.Release|Any CPU.ActiveCfg = Release|Any CPU
		{ABEFCC4B-D724-47EE-A440-52488A0B7379}.Release|Any CPU.Build.0 = Release|Any CPU
	EndGlobalSection
	GlobalSection(SolutionProperties) = preSolution
		HideSolutionNode = FALSE
	EndGlobalSection
	GlobalSection(ExtensibilityGlobals) = postSolution
		SolutionGuid = {EE278FE0-51AD-40EB-B63A-7DEECC3206E7}
	EndGlobalSection
EndGlobal
